// !$*UTF8*$!
{
	archiveVersion = 1;
	classes = {
	};
	objectVersion = 77;
	objects = {

/* Begin PBXBuildFile section */
		033945BB95DF5555658CACD4 /* RateStore.swift in Sources */ = {isa = PBXBuildFile; fileRef = AF32311697CC888FB1E010D2 /* RateStore.swift */; };
		0962615E603DDFD7372C98E5 /* ClipboardCardsView.swift in Sources */ = {isa = PBXBuildFile; fileRef = 7F6F1533C1E4BCC8AFE86615 /* ClipboardCardsView.swift */; };
		0F02D5D201C9518C7BC82BEA /* WeatherWidget.swift in Sources */ = {isa = PBXBuildFile; fileRef = B3169C953384BA06BBC202B1 /* WeatherWidget.swift */; };
		0F7E9B6F744C5F80A5BF1CEE /* WeatherActivity.swift in Sources */ = {isa = PBXBuildFile; fileRef = BFEEF7614FD09E842A56311A /* WeatherActivity.swift */; };
		10A15CA4FE7E54403F801710 /* GlobalHotkey.swift in Sources */ = {isa = PBXBuildFile; fileRef = DA2ECAC9BA40030F5E5199B8 /* GlobalHotkey.swift */; };
		1351E6861CF46A47271E50EE /* WidgetContext.swift in Sources */ = {isa = PBXBuildFile; fileRef = 609C466A622F55F43BD34B66 /* WidgetContext.swift */; };
		159FCB459D090B2F5C1F891E /* TileControls.swift in Sources */ = {isa = PBXBuildFile; fileRef = 05647BE152D5CB864664114C /* TileControls.swift */; };
		1731D08725D315622797D5BF /* MetricWidgets.swift in Sources */ = {isa = PBXBuildFile; fileRef = A1E543791974B45F8629E7F6 /* MetricWidgets.swift */; };
		2073FA41E1EE3D8B8402EB6E /* ShelfWidget.swift in Sources */ = {isa = PBXBuildFile; fileRef = 4878832F9D983F64421C10DC /* ShelfWidget.swift */; };
		21E47098C4498684A3B83505 /* MusicActivity.swift in Sources */ = {isa = PBXBuildFile; fileRef = 02B4F9BDA50610BA1219CB66 /* MusicActivity.swift */; };
		235308A728D1BBB491E746A7 /* Theme.swift in Sources */ = {isa = PBXBuildFile; fileRef = DDE9EA5B29C63C5FC10A7942 /* Theme.swift */; };
		257EA4EE32C3ED78E884B7C8 /* OpenMeteo.swift in Sources */ = {isa = PBXBuildFile; fileRef = AFAA8A0E4ACCB7C2481309B5 /* OpenMeteo.swift */; };
		270B06160FD455BFC6BC1A0A /* Widget.swift in Sources */ = {isa = PBXBuildFile; fileRef = B45874965A729D0CFF4C2987 /* Widget.swift */; };
		273266D7A9CF6B1A1480CB03 /* ClipboardBoardView.swift in Sources */ = {isa = PBXBuildFile; fileRef = DECBE717A754D7DF6244A61B /* ClipboardBoardView.swift */; };
		28E61BD8B43DE020A983193E /* TileParts.swift in Sources */ = {isa = PBXBuildFile; fileRef = 0B8A4A68691A42EEFFB3CCF4 /* TileParts.swift */; };
		2A764DD6D501B4A51DE40AD1 /* MusicTileView.swift in Sources */ = {isa = PBXBuildFile; fileRef = FE86C91CF43F8C08EBC71BF8 /* MusicTileView.swift */; };
		2BC947F629A8DE67AD0C0E0C /* CurrencyWidget.swift in Sources */ = {isa = PBXBuildFile; fileRef = FB269CC5C285C70732E5E664 /* CurrencyWidget.swift */; };
		3349C2B4C20F95E7D1C5ADCD /* PomodoroWidget.swift in Sources */ = {isa = PBXBuildFile; fileRef = 7641B9360358AB2A12374EC2 /* PomodoroWidget.swift */; };
		3D8C8C27BCDE19446F747A37 /* MetricTileView.swift in Sources */ = {isa = PBXBuildFile; fileRef = 7FBBC671026126919C10F593 /* MetricTileView.swift */; };
		3F313A73079A038376DE61B1 /* AppIcon.icns in Resources */ = {isa = PBXBuildFile; fileRef = BD5DF6A82D13799B7B74217C /* AppIcon.icns */; };
		42491E901065A84FD160547F /* AppSettings.swift in Sources */ = {isa = PBXBuildFile; fileRef = F34650B6A22F6F468210600F /* AppSettings.swift */; };
		444A0C546613D8B0F4E19385 /* DebugSeed.swift in Sources */ = {isa = PBXBuildFile; fileRef = 454C46F07AF2F57C96928E86 /* DebugSeed.swift */; };
		459E399C8EE9C3AB1B72FF26 /* AskSession.swift in Sources */ = {isa = PBXBuildFile; fileRef = 854AC4061DE34335636C9B3A /* AskSession.swift */; };
		45DC1D91E65BD2E82F170C48 /* IslandController.swift in Sources */ = {isa = PBXBuildFile; fileRef = 9C88D531341B85622BA9C56E /* IslandController.swift */; };
		491F8B312AC7BD857046C8E9 /* Themes in Resources */ = {isa = PBXBuildFile; fileRef = 05A6473956CCB038BF303697 /* Themes */; };
		4B94DAB65ACCEE89F4F7C9E4 /* ConverterTileView.swift in Sources */ = {isa = PBXBuildFile; fileRef = 8F8D2C2E6FAC46EE9D2982F8 /* ConverterTileView.swift */; };
		4C3F88EDF1AC3981AA931118 /* SystemProbe.swift in Sources */ = {isa = PBXBuildFile; fileRef = 9692A174CC94FB8F27A30643 /* SystemProbe.swift */; };
		4F5E70E9EEC7E54D6F42E997 /* FocusRelease.swift in Sources */ = {isa = PBXBuildFile; fileRef = DED38C5F51E7F056A1E45021 /* FocusRelease.swift */; };
		50276F9ECAD09D2137A4CE50 /* TileView.swift in Sources */ = {isa = PBXBuildFile; fileRef = 18C48FBDE07B6EE638994C20 /* TileView.swift */; };
		504718839B8374906FC61779 /* TileTypography.swift in Sources */ = {isa = PBXBuildFile; fileRef = FAB8D35596CE0FCEA598301E /* TileTypography.swift */; };
		56DCB74051ACC8BB51B04EF5 /* Log.swift in Sources */ = {isa = PBXBuildFile; fileRef = B8B34788F831B62E7CB2C59E /* Log.swift */; };
		59546045BC6F6D3E7ECCA078 /* TimerWidget.swift in Sources */ = {isa = PBXBuildFile; fileRef = 37EAF524C1D4726738E57804 /* TimerWidget.swift */; };
		6447B3559D0A75BA5DCEBBBC /* WidgetStorage.swift in Sources */ = {isa = PBXBuildFile; fileRef = BFFC17C12A4CAB6AE0C4B1DD /* WidgetStorage.swift */; };
		65D16F074E172F477B8EDF65 /* CalendarTileView.swift in Sources */ = {isa = PBXBuildFile; fileRef = 65F8B3AB05F42A6B5D89A14F /* CalendarTileView.swift */; };
		698270F6A463CE39690E0252 /* IslandView.swift in Sources */ = {isa = PBXBuildFile; fileRef = 4DAB9C0E5A221A10829083E7 /* IslandView.swift */; };
		6D21C21413E666769873D717 /* nowplaying.c in Sources */ = {isa = PBXBuildFile; fileRef = E6C8BC64B720AE7AB4E0C626 /* nowplaying.c */; };
		6DEFD8ACDE610EFE7B946D5F /* LiveActivity.swift in Sources */ = {isa = PBXBuildFile; fileRef = 0BC10B5E2704A56733E537AB /* LiveActivity.swift */; };
		715861E3240C5C7C4554F5B5 /* WeatherCode.swift in Sources */ = {isa = PBXBuildFile; fileRef = 2E46B68273EA329E31B9098C /* WeatherCode.swift */; };
		72C41238E79342E1213AB2D8 /* BoardLayout.swift in Sources */ = {isa = PBXBuildFile; fileRef = CF9909DAFD86F7BF3A4A2F53 /* BoardLayout.swift */; };
		72EC2CA99CEEFA11AA1EFCB9 /* SillApp.swift in Sources */ = {isa = PBXBuildFile; fileRef = DA25EE0E0C4F19337DD1F72B /* SillApp.swift */; };
		7402425BF095A865EABBB6B4 /* SettingsWindow.swift in Sources */ = {isa = PBXBuildFile; fileRef = 5F770EDE712CA2B970E1ADA3 /* SettingsWindow.swift */; };
		75DACEDDEFBBF606483A590C /* CurrencyTileView.swift in Sources */ = {isa = PBXBuildFile; fileRef = 1C2197CBAAAF3AA91AF69FBA /* CurrencyTileView.swift */; };
		7A081CAD3973FC6733B13F9C /* AppState.swift in Sources */ = {isa = PBXBuildFile; fileRef = 715F57AF1B77C469B0166F55 /* AppState.swift */; };
		7AFDD707313DD75A7DF5771F /* MusicWidget.swift in Sources */ = {isa = PBXBuildFile; fileRef = 981E2B0887A73654CE22193B /* MusicWidget.swift */; };
		7EEB3D71B3F0C980A087ED00 /* SecretsStore.swift in Sources */ = {isa = PBXBuildFile; fileRef = E8344295E5633F77E81DFD17 /* SecretsStore.swift */; };
		80A508BC1BD603C08F36C990 /* AppConfig.swift in Sources */ = {isa = PBXBuildFile; fileRef = 6B60B4BCB06D06B61DAD9337 /* AppConfig.swift */; };
		82E8D500C17D1598FA904715 /* SystemTileView.swift in Sources */ = {isa = PBXBuildFile; fileRef = 8CFA5DB030CFDA9683BAC1F9 /* SystemTileView.swift */; };
		862833CE65721132F207D1F6 /* Localizable.xcstrings in Resources */ = {isa = PBXBuildFile; fileRef = 7F02006B068B4B3377EFBB0C /* Localizable.xcstrings */; };
		87B253691628E8788EF60526 /* TranslateWidget.swift in Sources */ = {isa = PBXBuildFile; fileRef = EF06C347372FAA14DE096147 /* TranslateWidget.swift */; };
		92CE3A5611060DC80EDFC7AE /* Motion.swift in Sources */ = {isa = PBXBuildFile; fileRef = F95DDAF508234A6DF2678FF7 /* Motion.swift */; };
		92D0CF1E92752FBB4B15F425 /* TileHost.swift in Sources */ = {isa = PBXBuildFile; fileRef = C9B154FEB647A253C245683A /* TileHost.swift */; };
		938B5FD5163FBD349277F471 /* CalendarAccess.swift in Sources */ = {isa = PBXBuildFile; fileRef = 0F0115B995E09F441A64FFCA /* CalendarAccess.swift */; };
		943A3A2034B3F79FA0BADF3B /* TimerTileView.swift in Sources */ = {isa = PBXBuildFile; fileRef = F8A6D925B075E75DE91076AA /* TimerTileView.swift */; };
		949D9787425474831ED34479 /* AppearanceStyles.swift in Sources */ = {isa = PBXBuildFile; fileRef = 1413CECFB83C148F8B17CE4D /* AppearanceStyles.swift */; };
		9E73B290E7279AFC22EF6800 /* NotchTrigger.swift in Sources */ = {isa = PBXBuildFile; fileRef = E46DF66B9A490FFEF8948456 /* NotchTrigger.swift */; };
		9E9F64E4E27F0A43D84C8C4E /* PomodoroTileView.swift in Sources */ = {isa = PBXBuildFile; fileRef = F7F741E5618F6D98C3CFE15C /* PomodoroTileView.swift */; };
		A895AE275FDA8413ADF66CE0 /* SystemWidget.swift in Sources */ = {isa = PBXBuildFile; fileRef = 56C8E0298F4103284C004CE8 /* SystemWidget.swift */; };
		ABF527AD9FC357777E0C85A2 /* TimerActivity.swift in Sources */ = {isa = PBXBuildFile; fileRef = 87CD069E09ED47A45A240FB5 /* TimerActivity.swift */; };
		ACAC89C26EA1015FD4320574 /* ShelfActivity.swift in Sources */ = {isa = PBXBuildFile; fileRef = 336D6E573579789A529D86B9 /* ShelfActivity.swift */; };
		ADF420BC11035AB120EB904F /* ShelfTileView.swift in Sources */ = {isa = PBXBuildFile; fileRef = 299DE64904D5235D3645A0FF /* ShelfTileView.swift */; };
		B0D182BF8B62ED776E32E642 /* ScratchpadWidget.swift in Sources */ = {isa = PBXBuildFile; fileRef = DC9C508609F74CA811A6EE67 /* ScratchpadWidget.swift */; };
		B3E29C1F5D57B31542FD5F4A /* TileDial.swift in Sources */ = {isa = PBXBuildFile; fileRef = BFDF6129F2177C67B460FB9E /* TileDial.swift */; };
		BB19204826AD6B12A45C7747 /* WidgetRegistry.swift in Sources */ = {isa = PBXBuildFile; fileRef = 0D3256F435B7B5B2A2532123 /* WidgetRegistry.swift */; };
		BC0D712F899EE3538AC4A53F /* ShelfDrag.swift in Sources */ = {isa = PBXBuildFile; fileRef = 5452A607AE37F24798143A26 /* ShelfDrag.swift */; };
		BCB0025294564AD89124F1B6 /* CalendarWidget.swift in Sources */ = {isa = PBXBuildFile; fileRef = 069AAB7459E4413A8851A307 /* CalendarWidget.swift */; };
		BFF0319D146785051BA01B7F /* PanelRootView.swift in Sources */ = {isa = PBXBuildFile; fileRef = B9FFAC231ACC490B663309D5 /* PanelRootView.swift */; };
		C99F0329E36A8B1B86501A55 /* LLMClient.swift in Sources */ = {isa = PBXBuildFile; fileRef = D1AA46377E2C7EEA2DB94CD8 /* LLMClient.swift */; };
		D42380B851AA230407689584 /* TasksTileView.swift in Sources */ = {isa = PBXBuildFile; fileRef = 098A5F892ECC06E76D9348BF /* TasksTileView.swift */; };
		D5A95FCE6D1B22D97C7D563D /* PanelController.swift in Sources */ = {isa = PBXBuildFile; fileRef = 4E592DBE7907CC34CEE3B173 /* PanelController.swift */; };
		D796CF6F08512CFDFF10AB0C /* MediaKeys.swift in Sources */ = {isa = PBXBuildFile; fileRef = 9386557ADCB80606FA9A270D /* MediaKeys.swift */; };
		D80DF43353FBD3C2F76782E7 /* ScratchpadTileView.swift in Sources */ = {isa = PBXBuildFile; fileRef = 78C081EA4C08E7F33598A832 /* ScratchpadTileView.swift */; };
		DA64A434989178E60144F424 /* TasksWidget.swift in Sources */ = {isa = PBXBuildFile; fileRef = 497DED3AED46288F0B31A481 /* TasksWidget.swift */; };
		DC765D65C833E1AFDD7F3DE4 /* BoardGridView.swift in Sources */ = {isa = PBXBuildFile; fileRef = 3F7FFC4D03303E6D0FB8601A /* BoardGridView.swift */; };
		DC84BECAA946F124B7E0DC69 /* ClipboardActivity.swift in Sources */ = {isa = PBXBuildFile; fileRef = A4EC9D1810305ABC1A363D9F /* ClipboardActivity.swift */; };
		E00A7065055E3094E0E3D784 /* TranslateTileView.swift in Sources */ = {isa = PBXBuildFile; fileRef = 1EA2F849024D5970D06A65DC /* TranslateTileView.swift */; };
		E26396C6ABD9CE24A5D2298E /* AskView.swift in Sources */ = {isa = PBXBuildFile; fileRef = DC343F00482F917EB36FB366 /* AskView.swift */; };
		E53615A32697CB4B38BDBD9D /* ConverterWidget.swift in Sources */ = {isa = PBXBuildFile; fileRef = C72A165737C474D7685A90A6 /* ConverterWidget.swift */; };
		E9808AFA0001DD5157B9331F /* WeatherTileView.swift in Sources */ = {isa = PBXBuildFile; fileRef = 6E2FF7DCAAD06D40A9BAC1C9 /* WeatherTileView.swift */; };
		EACB4B18105F920F139514B5 /* PomodoroActivity.swift in Sources */ = {isa = PBXBuildFile; fileRef = E10801BC45173278FB2D4D02 /* PomodoroActivity.swift */; };
		EAF81B79072F1BE697D02041 /* ClipboardStore.swift in Sources */ = {isa = PBXBuildFile; fileRef = 40CAC0D6A8005794D7C835BD /* ClipboardStore.swift */; };
		F3795A39A0D5F40B926B54EE /* WidgetMenu.swift in Sources */ = {isa = PBXBuildFile; fileRef = D489EDA21303A9B7FB0897D9 /* WidgetMenu.swift */; };
		F3A0E389F22A14961F3341AB /* NowPlayingBridge.swift in Sources */ = {isa = PBXBuildFile; fileRef = 4D0C5D461834D4A93EC0611E /* NowPlayingBridge.swift */; };
		F501F7155CB57150668AD5AA /* BatteryActivity.swift in Sources */ = {isa = PBXBuildFile; fileRef = CF818930BA402DC3FEFD5B7C /* BatteryActivity.swift */; };
		F60FE2715910684A8D34B9BA /* TaskSource.swift in Sources */ = {isa = PBXBuildFile; fileRef = DE2C63123C8447C6AF61CAFD /* TaskSource.swift */; };
		FC28839D38AD63B85841C2A2 /* SystemMetrics.swift in Sources */ = {isa = PBXBuildFile; fileRef = 3E474E16B05FAFD74A253901 /* SystemMetrics.swift */; };
/* End PBXBuildFile section */

/* Begin PBXContainerItemProxy section */
		A6219BB82D02756EE7E8F47B /* PBXContainerItemProxy */ = {
			isa = PBXContainerItemProxy;
			containerPortal = 44D6F39DE7CD0BA3A722AB06 /* Project object */;
			proxyType = 1;
			remoteGlobalIDString = 82884FEF9C93FDF7319A3867;
			remoteInfo = NowPlayingHelper;
		};
/* End PBXContainerItemProxy section */

/* Begin PBXFileReference section */
		02B4F9BDA50610BA1219CB66 /* MusicActivity.swift */ = {isa = PBXFileReference; lastKnownFileType = sourcecode.swift; path = MusicActivity.swift; sourceTree = "<group>"; };
		05647BE152D5CB864664114C /* TileControls.swift */ = {isa = PBXFileReference; lastKnownFileType = sourcecode.swift; path = TileControls.swift; sourceTree = "<group>"; };
		05A6473956CCB038BF303697 /* Themes */ = {isa = PBXFileReference; lastKnownFileType = folder; name = Themes; path = Resources/Themes; sourceTree = SOURCE_ROOT; };
		069AAB7459E4413A8851A307 /* CalendarWidget.swift */ = {isa = PBXFileReference; lastKnownFileType = sourcecode.swift; path = CalendarWidget.swift; sourceTree = "<group>"; };
		098A5F892ECC06E76D9348BF /* TasksTileView.swift */ = {isa = PBXFileReference; lastKnownFileType = sourcecode.swift; path = TasksTileView.swift; sourceTree = "<group>"; };
		0B8A4A68691A42EEFFB3CCF4 /* TileParts.swift */ = {isa = PBXFileReference; lastKnownFileType = sourcecode.swift; path = TileParts.swift; sourceTree = "<group>"; };
		0BC10B5E2704A56733E537AB /* LiveActivity.swift */ = {isa = PBXFileReference; lastKnownFileType = sourcecode.swift; path = LiveActivity.swift; sourceTree = "<group>"; };
		0D3256F435B7B5B2A2532123 /* WidgetRegistry.swift */ = {isa = PBXFileReference; lastKnownFileType = sourcecode.swift; path = WidgetRegistry.swift; sourceTree = "<group>"; };
		0F0115B995E09F441A64FFCA /* CalendarAccess.swift */ = {isa = PBXFileReference; lastKnownFileType = sourcecode.swift; path = CalendarAccess.swift; sourceTree = "<group>"; };
		1413CECFB83C148F8B17CE4D /* AppearanceStyles.swift */ = {isa = PBXFileReference; lastKnownFileType = sourcecode.swift; path = AppearanceStyles.swift; sourceTree = "<group>"; };
		18C48FBDE07B6EE638994C20 /* TileView.swift */ = {isa = PBXFileReference; lastKnownFileType = sourcecode.swift; path = TileView.swift; sourceTree = "<group>"; };
		1C2197CBAAAF3AA91AF69FBA /* CurrencyTileView.swift */ = {isa = PBXFileReference; lastKnownFileType = sourcecode.swift; path = CurrencyTileView.swift; sourceTree = "<group>"; };
		1EA2F849024D5970D06A65DC /* TranslateTileView.swift */ = {isa = PBXFileReference; lastKnownFileType = sourcecode.swift; path = TranslateTileView.swift; sourceTree = "<group>"; };
		299DE64904D5235D3645A0FF /* ShelfTileView.swift */ = {isa = PBXFileReference; lastKnownFileType = sourcecode.swift; path = ShelfTileView.swift; sourceTree = "<group>"; };
		2E46B68273EA329E31B9098C /* WeatherCode.swift */ = {isa = PBXFileReference; lastKnownFileType = sourcecode.swift; path = WeatherCode.swift; sourceTree = "<group>"; };
		336D6E573579789A529D86B9 /* ShelfActivity.swift */ = {isa = PBXFileReference; lastKnownFileType = sourcecode.swift; path = ShelfActivity.swift; sourceTree = "<group>"; };
		37EAF524C1D4726738E57804 /* TimerWidget.swift */ = {isa = PBXFileReference; lastKnownFileType = sourcecode.swift; path = TimerWidget.swift; sourceTree = "<group>"; };
		3E474E16B05FAFD74A253901 /* SystemMetrics.swift */ = {isa = PBXFileReference; lastKnownFileType = sourcecode.swift; path = SystemMetrics.swift; sourceTree = "<group>"; };
		3F7FFC4D03303E6D0FB8601A /* BoardGridView.swift */ = {isa = PBXFileReference; lastKnownFileType = sourcecode.swift; path = BoardGridView.swift; sourceTree = "<group>"; };
		40CAC0D6A8005794D7C835BD /* ClipboardStore.swift */ = {isa = PBXFileReference; lastKnownFileType = sourcecode.swift; path = ClipboardStore.swift; sourceTree = "<group>"; };
		454C46F07AF2F57C96928E86 /* DebugSeed.swift */ = {isa = PBXFileReference; lastKnownFileType = sourcecode.swift; path = DebugSeed.swift; sourceTree = "<group>"; };
		4878832F9D983F64421C10DC /* ShelfWidget.swift */ = {isa = PBXFileReference; lastKnownFileType = sourcecode.swift; path = ShelfWidget.swift; sourceTree = "<group>"; };
		497DED3AED46288F0B31A481 /* TasksWidget.swift */ = {isa = PBXFileReference; lastKnownFileType = sourcecode.swift; path = TasksWidget.swift; sourceTree = "<group>"; };
		4D0C5D461834D4A93EC0611E /* NowPlayingBridge.swift */ = {isa = PBXFileReference; lastKnownFileType = sourcecode.swift; path = NowPlayingBridge.swift; sourceTree = "<group>"; };
		4DAB9C0E5A221A10829083E7 /* IslandView.swift */ = {isa = PBXFileReference; lastKnownFileType = sourcecode.swift; path = IslandView.swift; sourceTree = "<group>"; };
		4E592DBE7907CC34CEE3B173 /* PanelController.swift */ = {isa = PBXFileReference; lastKnownFileType = sourcecode.swift; path = PanelController.swift; sourceTree = "<group>"; };
		4E664961DB1F0D134F1CC695 /* Info.plist */ = {isa = PBXFileReference; lastKnownFileType = text.plist; path = Info.plist; sourceTree = "<group>"; };
		5452A607AE37F24798143A26 /* ShelfDrag.swift */ = {isa = PBXFileReference; lastKnownFileType = sourcecode.swift; path = ShelfDrag.swift; sourceTree = "<group>"; };
		56C8E0298F4103284C004CE8 /* SystemWidget.swift */ = {isa = PBXFileReference; lastKnownFileType = sourcecode.swift; path = SystemWidget.swift; sourceTree = "<group>"; };
		5F770EDE712CA2B970E1ADA3 /* SettingsWindow.swift */ = {isa = PBXFileReference; lastKnownFileType = sourcecode.swift; path = SettingsWindow.swift; sourceTree = "<group>"; };
		609C466A622F55F43BD34B66 /* WidgetContext.swift */ = {isa = PBXFileReference; lastKnownFileType = sourcecode.swift; path = WidgetContext.swift; sourceTree = "<group>"; };
		65F8B3AB05F42A6B5D89A14F /* CalendarTileView.swift */ = {isa = PBXFileReference; lastKnownFileType = sourcecode.swift; path = CalendarTileView.swift; sourceTree = "<group>"; };
		6B60B4BCB06D06B61DAD9337 /* AppConfig.swift */ = {isa = PBXFileReference; lastKnownFileType = sourcecode.swift; path = AppConfig.swift; sourceTree = "<group>"; };
		6E2FF7DCAAD06D40A9BAC1C9 /* WeatherTileView.swift */ = {isa = PBXFileReference; lastKnownFileType = sourcecode.swift; path = WeatherTileView.swift; sourceTree = "<group>"; };
		715F57AF1B77C469B0166F55 /* AppState.swift */ = {isa = PBXFileReference; lastKnownFileType = sourcecode.swift; path = AppState.swift; sourceTree = "<group>"; };
		7641B9360358AB2A12374EC2 /* PomodoroWidget.swift */ = {isa = PBXFileReference; lastKnownFileType = sourcecode.swift; path = PomodoroWidget.swift; sourceTree = "<group>"; };
		78C081EA4C08E7F33598A832 /* ScratchpadTileView.swift */ = {isa = PBXFileReference; lastKnownFileType = sourcecode.swift; path = ScratchpadTileView.swift; sourceTree = "<group>"; };
		7F02006B068B4B3377EFBB0C /* Localizable.xcstrings */ = {isa = PBXFileReference; lastKnownFileType = text.json.xcstrings; path = Localizable.xcstrings; sourceTree = "<group>"; };
		7F6F1533C1E4BCC8AFE86615 /* ClipboardCardsView.swift */ = {isa = PBXFileReference; lastKnownFileType = sourcecode.swift; path = ClipboardCardsView.swift; sourceTree = "<group>"; };
		7FBBC671026126919C10F593 /* MetricTileView.swift */ = {isa = PBXFileReference; lastKnownFileType = sourcecode.swift; path = MetricTileView.swift; sourceTree = "<group>"; };
		854AC4061DE34335636C9B3A /* AskSession.swift */ = {isa = PBXFileReference; lastKnownFileType = sourcecode.swift; path = AskSession.swift; sourceTree = "<group>"; };
		87CD069E09ED47A45A240FB5 /* TimerActivity.swift */ = {isa = PBXFileReference; lastKnownFileType = sourcecode.swift; path = TimerActivity.swift; sourceTree = "<group>"; };
		8CFA5DB030CFDA9683BAC1F9 /* SystemTileView.swift */ = {isa = PBXFileReference; lastKnownFileType = sourcecode.swift; path = SystemTileView.swift; sourceTree = "<group>"; };
		8F8D2C2E6FAC46EE9D2982F8 /* ConverterTileView.swift */ = {isa = PBXFileReference; lastKnownFileType = sourcecode.swift; path = ConverterTileView.swift; sourceTree = "<group>"; };
		9386557ADCB80606FA9A270D /* MediaKeys.swift */ = {isa = PBXFileReference; lastKnownFileType = sourcecode.swift; path = MediaKeys.swift; sourceTree = "<group>"; };
		9692A174CC94FB8F27A30643 /* SystemProbe.swift */ = {isa = PBXFileReference; lastKnownFileType = sourcecode.swift; path = SystemProbe.swift; sourceTree = "<group>"; };
		981E2B0887A73654CE22193B /* MusicWidget.swift */ = {isa = PBXFileReference; lastKnownFileType = sourcecode.swift; path = MusicWidget.swift; sourceTree = "<group>"; };
		9C88D531341B85622BA9C56E /* IslandController.swift */ = {isa = PBXFileReference; lastKnownFileType = sourcecode.swift; path = IslandController.swift; sourceTree = "<group>"; };
		A1E543791974B45F8629E7F6 /* MetricWidgets.swift */ = {isa = PBXFileReference; lastKnownFileType = sourcecode.swift; path = MetricWidgets.swift; sourceTree = "<group>"; };
		A4EC9D1810305ABC1A363D9F /* ClipboardActivity.swift */ = {isa = PBXFileReference; lastKnownFileType = sourcecode.swift; path = ClipboardActivity.swift; sourceTree = "<group>"; };
		ABACF7A29C9E5A6ED0172BC1 /* NowPlayingHelper.dylib */ = {isa = PBXFileReference; explicitFileType = "compiled.mach-o.dylib"; includeInIndex = 0; path = NowPlayingHelper.dylib; sourceTree = BUILT_PRODUCTS_DIR; };
		AF32311697CC888FB1E010D2 /* RateStore.swift */ = {isa = PBXFileReference; lastKnownFileType = sourcecode.swift; path = RateStore.swift; sourceTree = "<group>"; };
		AFAA8A0E4ACCB7C2481309B5 /* OpenMeteo.swift */ = {isa = PBXFileReference; lastKnownFileType = sourcecode.swift; path = OpenMeteo.swift; sourceTree = "<group>"; };
		B3169C953384BA06BBC202B1 /* WeatherWidget.swift */ = {isa = PBXFileReference; lastKnownFileType = sourcecode.swift; path = WeatherWidget.swift; sourceTree = "<group>"; };
		B45874965A729D0CFF4C2987 /* Widget.swift */ = {isa = PBXFileReference; lastKnownFileType = sourcecode.swift; path = Widget.swift; sourceTree = "<group>"; };
		B8B34788F831B62E7CB2C59E /* Log.swift */ = {isa = PBXFileReference; lastKnownFileType = sourcecode.swift; path = Log.swift; sourceTree = "<group>"; };
		B9FFAC231ACC490B663309D5 /* PanelRootView.swift */ = {isa = PBXFileReference; lastKnownFileType = sourcecode.swift; path = PanelRootView.swift; sourceTree = "<group>"; };
		BD5DF6A82D13799B7B74217C /* AppIcon.icns */ = {isa = PBXFileReference; lastKnownFileType = image.icns; path = AppIcon.icns; sourceTree = "<group>"; };
		BFDF6129F2177C67B460FB9E /* TileDial.swift */ = {isa = PBXFileReference; lastKnownFileType = sourcecode.swift; path = TileDial.swift; sourceTree = "<group>"; };
		BFEEF7614FD09E842A56311A /* WeatherActivity.swift */ = {isa = PBXFileReference; lastKnownFileType = sourcecode.swift; path = WeatherActivity.swift; sourceTree = "<group>"; };
		BFFC17C12A4CAB6AE0C4B1DD /* WidgetStorage.swift */ = {isa = PBXFileReference; lastKnownFileType = sourcecode.swift; path = WidgetStorage.swift; sourceTree = "<group>"; };
		C72A165737C474D7685A90A6 /* ConverterWidget.swift */ = {isa = PBXFileReference; lastKnownFileType = sourcecode.swift; path = ConverterWidget.swift; sourceTree = "<group>"; };
		C9B154FEB647A253C245683A /* TileHost.swift */ = {isa = PBXFileReference; lastKnownFileType = sourcecode.swift; path = TileHost.swift; sourceTree = "<group>"; };
		CF818930BA402DC3FEFD5B7C /* BatteryActivity.swift */ = {isa = PBXFileReference; lastKnownFileType = sourcecode.swift; path = BatteryActivity.swift; sourceTree = "<group>"; };
		CF9909DAFD86F7BF3A4A2F53 /* BoardLayout.swift */ = {isa = PBXFileReference; lastKnownFileType = sourcecode.swift; path = BoardLayout.swift; sourceTree = "<group>"; };
		D1AA46377E2C7EEA2DB94CD8 /* LLMClient.swift */ = {isa = PBXFileReference; lastKnownFileType = sourcecode.swift; path = LLMClient.swift; sourceTree = "<group>"; };
		D489EDA21303A9B7FB0897D9 /* WidgetMenu.swift */ = {isa = PBXFileReference; lastKnownFileType = sourcecode.swift; path = WidgetMenu.swift; sourceTree = "<group>"; };
		DA25EE0E0C4F19337DD1F72B /* SillApp.swift */ = {isa = PBXFileReference; lastKnownFileType = sourcecode.swift; path = SillApp.swift; sourceTree = "<group>"; };
		DA2ECAC9BA40030F5E5199B8 /* GlobalHotkey.swift */ = {isa = PBXFileReference; lastKnownFileType = sourcecode.swift; path = GlobalHotkey.swift; sourceTree = "<group>"; };
		DC343F00482F917EB36FB366 /* AskView.swift */ = {isa = PBXFileReference; lastKnownFileType = sourcecode.swift; path = AskView.swift; sourceTree = "<group>"; };
		DC9C508609F74CA811A6EE67 /* ScratchpadWidget.swift */ = {isa = PBXFileReference; lastKnownFileType = sourcecode.swift; path = ScratchpadWidget.swift; sourceTree = "<group>"; };
		DDE9EA5B29C63C5FC10A7942 /* Theme.swift */ = {isa = PBXFileReference; lastKnownFileType = sourcecode.swift; path = Theme.swift; sourceTree = "<group>"; };
		DE2C63123C8447C6AF61CAFD /* TaskSource.swift */ = {isa = PBXFileReference; lastKnownFileType = sourcecode.swift; path = TaskSource.swift; sourceTree = "<group>"; };
		DECBE717A754D7DF6244A61B /* ClipboardBoardView.swift */ = {isa = PBXFileReference; lastKnownFileType = sourcecode.swift; path = ClipboardBoardView.swift; sourceTree = "<group>"; };
		DED38C5F51E7F056A1E45021 /* FocusRelease.swift */ = {isa = PBXFileReference; lastKnownFileType = sourcecode.swift; path = FocusRelease.swift; sourceTree = "<group>"; };
		E10801BC45173278FB2D4D02 /* PomodoroActivity.swift */ = {isa = PBXFileReference; lastKnownFileType = sourcecode.swift; path = PomodoroActivity.swift; sourceTree = "<group>"; };
		E46DF66B9A490FFEF8948456 /* NotchTrigger.swift */ = {isa = PBXFileReference; lastKnownFileType = sourcecode.swift; path = NotchTrigger.swift; sourceTree = "<group>"; };
		E6C8BC64B720AE7AB4E0C626 /* nowplaying.c */ = {isa = PBXFileReference; lastKnownFileType = sourcecode.c.c; path = nowplaying.c; sourceTree = "<group>"; };
		E8344295E5633F77E81DFD17 /* SecretsStore.swift */ = {isa = PBXFileReference; lastKnownFileType = sourcecode.swift; path = SecretsStore.swift; sourceTree = "<group>"; };
		EF06C347372FAA14DE096147 /* TranslateWidget.swift */ = {isa = PBXFileReference; lastKnownFileType = sourcecode.swift; path = TranslateWidget.swift; sourceTree = "<group>"; };
		F34650B6A22F6F468210600F /* AppSettings.swift */ = {isa = PBXFileReference; lastKnownFileType = sourcecode.swift; path = AppSettings.swift; sourceTree = "<group>"; };
		F5DFBC29E9962227BA8AEDEB /* Sill.app */ = {isa = PBXFileReference; explicitFileType = wrapper.application; includeInIndex = 0; path = Sill.app; sourceTree = BUILT_PRODUCTS_DIR; };
		F7F741E5618F6D98C3CFE15C /* PomodoroTileView.swift */ = {isa = PBXFileReference; lastKnownFileType = sourcecode.swift; path = PomodoroTileView.swift; sourceTree = "<group>"; };
		F8A6D925B075E75DE91076AA /* TimerTileView.swift */ = {isa = PBXFileReference; lastKnownFileType = sourcecode.swift; path = TimerTileView.swift; sourceTree = "<group>"; };
		F95DDAF508234A6DF2678FF7 /* Motion.swift */ = {isa = PBXFileReference; lastKnownFileType = sourcecode.swift; path = Motion.swift; sourceTree = "<group>"; };
		FAB8D35596CE0FCEA598301E /* TileTypography.swift */ = {isa = PBXFileReference; lastKnownFileType = sourcecode.swift; path = TileTypography.swift; sourceTree = "<group>"; };
		FB269CC5C285C70732E5E664 /* CurrencyWidget.swift */ = {isa = PBXFileReference; lastKnownFileType = sourcecode.swift; path = CurrencyWidget.swift; sourceTree = "<group>"; };
		FE86C91CF43F8C08EBC71BF8 /* MusicTileView.swift */ = {isa = PBXFileReference; lastKnownFileType = sourcecode.swift; path = MusicTileView.swift; sourceTree = "<group>"; };
/* End PBXFileReference section */

/* Begin PBXGroup section */
		1601BD9E7B60C28BC60CF315 /* Clipboard */ = {
			isa = PBXGroup;
			children = (
				A4EC9D1810305ABC1A363D9F /* ClipboardActivity.swift */,
			);
			path = Clipboard;
			sourceTree = "<group>";
		};
		23CCA6F640CAC3720A3DD5D9 /* Music */ = {
			isa = PBXGroup;
			children = (
				02B4F9BDA50610BA1219CB66 /* MusicActivity.swift */,
				FE86C91CF43F8C08EBC71BF8 /* MusicTileView.swift */,
				981E2B0887A73654CE22193B /* MusicWidget.swift */,
				4D0C5D461834D4A93EC0611E /* NowPlayingBridge.swift */,
			);
			path = Music;
			sourceTree = "<group>";
		};
		269C4DBFB969827DD453B6D4 /* Calendar */ = {
			isa = PBXGroup;
			children = (
				65F8B3AB05F42A6B5D89A14F /* CalendarTileView.swift */,
				069AAB7459E4413A8851A307 /* CalendarWidget.swift */,
				454C46F07AF2F57C96928E86 /* DebugSeed.swift */,
			);
			path = Calendar;
			sourceTree = "<group>";
		};
		2A931ADFC62422E4CEF1D496 /* Translate */ = {
			isa = PBXGroup;
			children = (
				1EA2F849024D5970D06A65DC /* TranslateTileView.swift */,
				EF06C347372FAA14DE096147 /* TranslateWidget.swift */,
			);
			path = Translate;
			sourceTree = "<group>";
		};
		3108AE479A3C02B6B3FD2D6F /* Converter */ = {
			isa = PBXGroup;
			children = (
				8F8D2C2E6FAC46EE9D2982F8 /* ConverterTileView.swift */,
				C72A165737C474D7685A90A6 /* ConverterWidget.swift */,
			);
			path = Converter;
			sourceTree = "<group>";
		};
		31E350198147A4F1B5ECD667 = {
			isa = PBXGroup;
			children = (
				CDE497A901D584AD23E5166A /* App */,
				3FD78F4009011696F71533F3 /* Core */,
				B7FAD706A131712894CA6487 /* Helpers */,
				F727273596F315A3FAAB5B61 /* Resources */,
				AF615F73C140C84ECA25607F /* Shell */,
				9F970DD8F28CEE8BA55229B6 /* Widgets */,
				5CBFECFF4E8678C3AB7C7D1F /* Products */,
			);
			sourceTree = "<group>";
		};
		35068F1E740A3099710640B3 /* NowPlaying */ = {
			isa = PBXGroup;
			children = (
				E6C8BC64B720AE7AB4E0C626 /* nowplaying.c */,
			);
			path = NowPlaying;
			sourceTree = "<group>";
		};
		3FD78F4009011696F71533F3 /* Core */ = {
			isa = PBXGroup;
			children = (
				6B60B4BCB06D06B61DAD9337 /* AppConfig.swift */,
				1413CECFB83C148F8B17CE4D /* AppearanceStyles.swift */,
				F34650B6A22F6F468210600F /* AppSettings.swift */,
				715F57AF1B77C469B0166F55 /* AppState.swift */,
				854AC4061DE34335636C9B3A /* AskSession.swift */,
				CF9909DAFD86F7BF3A4A2F53 /* BoardLayout.swift */,
				0F0115B995E09F441A64FFCA /* CalendarAccess.swift */,
				40CAC0D6A8005794D7C835BD /* ClipboardStore.swift */,
				DED38C5F51E7F056A1E45021 /* FocusRelease.swift */,
				DA2ECAC9BA40030F5E5199B8 /* GlobalHotkey.swift */,
				0BC10B5E2704A56733E537AB /* LiveActivity.swift */,
				D1AA46377E2C7EEA2DB94CD8 /* LLMClient.swift */,
				B8B34788F831B62E7CB2C59E /* Log.swift */,
				9386557ADCB80606FA9A270D /* MediaKeys.swift */,
				F95DDAF508234A6DF2678FF7 /* Motion.swift */,
				E8344295E5633F77E81DFD17 /* SecretsStore.swift */,
				DDE9EA5B29C63C5FC10A7942 /* Theme.swift */,
				05647BE152D5CB864664114C /* TileControls.swift */,
				BFDF6129F2177C67B460FB9E /* TileDial.swift */,
				C9B154FEB647A253C245683A /* TileHost.swift */,
				0B8A4A68691A42EEFFB3CCF4 /* TileParts.swift */,
				FAB8D35596CE0FCEA598301E /* TileTypography.swift */,
				B45874965A729D0CFF4C2987 /* Widget.swift */,
				609C466A622F55F43BD34B66 /* WidgetContext.swift */,
				0D3256F435B7B5B2A2532123 /* WidgetRegistry.swift */,
				BFFC17C12A4CAB6AE0C4B1DD /* WidgetStorage.swift */,
			);
			path = Core;
			sourceTree = "<group>";
		};
		5CBFECFF4E8678C3AB7C7D1F /* Products */ = {
			isa = PBXGroup;
			children = (
				ABACF7A29C9E5A6ED0172BC1 /* NowPlayingHelper.dylib */,
				F5DFBC29E9962227BA8AEDEB /* Sill.app */,
			);
			name = Products;
			sourceTree = "<group>";
		};
		7118B007537BE87D7928192C /* Weather */ = {
			isa = PBXGroup;
			children = (
				AFAA8A0E4ACCB7C2481309B5 /* OpenMeteo.swift */,
				BFEEF7614FD09E842A56311A /* WeatherActivity.swift */,
				2E46B68273EA329E31B9098C /* WeatherCode.swift */,
				6E2FF7DCAAD06D40A9BAC1C9 /* WeatherTileView.swift */,
				B3169C953384BA06BBC202B1 /* WeatherWidget.swift */,
			);
			path = Weather;
			sourceTree = "<group>";
		};
		80A35400FB46820CEA15D10E /* Tasks */ = {
			isa = PBXGroup;
			children = (
				DE2C63123C8447C6AF61CAFD /* TaskSource.swift */,
				098A5F892ECC06E76D9348BF /* TasksTileView.swift */,
				497DED3AED46288F0B31A481 /* TasksWidget.swift */,
			);
			path = Tasks;
			sourceTree = "<group>";
		};
		8886EED65BB3FF90088BA470 /* Timer */ = {
			isa = PBXGroup;
			children = (
				87CD069E09ED47A45A240FB5 /* TimerActivity.swift */,
				F8A6D925B075E75DE91076AA /* TimerTileView.swift */,
				37EAF524C1D4726738E57804 /* TimerWidget.swift */,
			);
			path = Timer;
			sourceTree = "<group>";
		};
		9F970DD8F28CEE8BA55229B6 /* Widgets */ = {
			isa = PBXGroup;
			children = (
				269C4DBFB969827DD453B6D4 /* Calendar */,
				1601BD9E7B60C28BC60CF315 /* Clipboard */,
				3108AE479A3C02B6B3FD2D6F /* Converter */,
				BF534F926049E8315C8808D6 /* Currency */,
				23CCA6F640CAC3720A3DD5D9 /* Music */,
				A97177E4DAB4AB50877AE183 /* Pomodoro */,
				A05E76DFA70BC734264E64DE /* Scratchpad */,
				F32794A21E2BA419D8BA74D9 /* Shelf */,
				F811B7CB308698CB424D679A /* System */,
				80A35400FB46820CEA15D10E /* Tasks */,
				8886EED65BB3FF90088BA470 /* Timer */,
				2A931ADFC62422E4CEF1D496 /* Translate */,
				7118B007537BE87D7928192C /* Weather */,
			);
			path = Widgets;
			sourceTree = "<group>";
		};
		A05E76DFA70BC734264E64DE /* Scratchpad */ = {
			isa = PBXGroup;
			children = (
				78C081EA4C08E7F33598A832 /* ScratchpadTileView.swift */,
				DC9C508609F74CA811A6EE67 /* ScratchpadWidget.swift */,
			);
			path = Scratchpad;
			sourceTree = "<group>";
		};
		A97177E4DAB4AB50877AE183 /* Pomodoro */ = {
			isa = PBXGroup;
			children = (
				E10801BC45173278FB2D4D02 /* PomodoroActivity.swift */,
				F7F741E5618F6D98C3CFE15C /* PomodoroTileView.swift */,
				7641B9360358AB2A12374EC2 /* PomodoroWidget.swift */,
			);
			path = Pomodoro;
			sourceTree = "<group>";
		};
		AF615F73C140C84ECA25607F /* Shell */ = {
			isa = PBXGroup;
			children = (
				DC343F00482F917EB36FB366 /* AskView.swift */,
				3F7FFC4D03303E6D0FB8601A /* BoardGridView.swift */,
				DECBE717A754D7DF6244A61B /* ClipboardBoardView.swift */,
				7F6F1533C1E4BCC8AFE86615 /* ClipboardCardsView.swift */,
				4DAB9C0E5A221A10829083E7 /* IslandView.swift */,
				B9FFAC231ACC490B663309D5 /* PanelRootView.swift */,
				5F770EDE712CA2B970E1ADA3 /* SettingsWindow.swift */,
				18C48FBDE07B6EE638994C20 /* TileView.swift */,
				D489EDA21303A9B7FB0897D9 /* WidgetMenu.swift */,
			);
			path = Shell;
			sourceTree = "<group>";
		};
		B7FAD706A131712894CA6487 /* Helpers */ = {
			isa = PBXGroup;
			children = (
				35068F1E740A3099710640B3 /* NowPlaying */,
			);
			path = Helpers;
			sourceTree = "<group>";
		};
		BF534F926049E8315C8808D6 /* Currency */ = {
			isa = PBXGroup;
			children = (
				1C2197CBAAAF3AA91AF69FBA /* CurrencyTileView.swift */,
				FB269CC5C285C70732E5E664 /* CurrencyWidget.swift */,
				AF32311697CC888FB1E010D2 /* RateStore.swift */,
			);
			path = Currency;
			sourceTree = "<group>";
		};
		CDE497A901D584AD23E5166A /* App */ = {
			isa = PBXGroup;
			children = (
				4E664961DB1F0D134F1CC695 /* Info.plist */,
				9C88D531341B85622BA9C56E /* IslandController.swift */,
				E46DF66B9A490FFEF8948456 /* NotchTrigger.swift */,
				4E592DBE7907CC34CEE3B173 /* PanelController.swift */,
				DA25EE0E0C4F19337DD1F72B /* SillApp.swift */,
			);
			path = App;
			sourceTree = "<group>";
		};
		F32794A21E2BA419D8BA74D9 /* Shelf */ = {
			isa = PBXGroup;
			children = (
				336D6E573579789A529D86B9 /* ShelfActivity.swift */,
				5452A607AE37F24798143A26 /* ShelfDrag.swift */,
				299DE64904D5235D3645A0FF /* ShelfTileView.swift */,
				4878832F9D983F64421C10DC /* ShelfWidget.swift */,
			);
			path = Shelf;
			sourceTree = "<group>";
		};
		F727273596F315A3FAAB5B61 /* Resources */ = {
			isa = PBXGroup;
			children = (
				BD5DF6A82D13799B7B74217C /* AppIcon.icns */,
				7F02006B068B4B3377EFBB0C /* Localizable.xcstrings */,
				05A6473956CCB038BF303697 /* Themes */,
			);
			path = Resources;
			sourceTree = "<group>";
		};
		F811B7CB308698CB424D679A /* System */ = {
			isa = PBXGroup;
			children = (
				CF818930BA402DC3FEFD5B7C /* BatteryActivity.swift */,
				7FBBC671026126919C10F593 /* MetricTileView.swift */,
				A1E543791974B45F8629E7F6 /* MetricWidgets.swift */,
				3E474E16B05FAFD74A253901 /* SystemMetrics.swift */,
				9692A174CC94FB8F27A30643 /* SystemProbe.swift */,
				8CFA5DB030CFDA9683BAC1F9 /* SystemTileView.swift */,
				56C8E0298F4103284C004CE8 /* SystemWidget.swift */,
			);
			path = System;
			sourceTree = "<group>";
		};
/* End PBXGroup section */

/* Begin PBXNativeTarget section */
		82884FEF9C93FDF7319A3867 /* NowPlayingHelper */ = {
			isa = PBXNativeTarget;
			buildConfigurationList = 0C264F76A9DF98DEFAF5692E /* Build configuration list for PBXNativeTarget "NowPlayingHelper" */;
			buildPhases = (
				12E20A5B00DAC604D21A7DCB /* Sources */,
			);
			buildRules = (
			);
			dependencies = (
			);
			name = NowPlayingHelper;
			packageProductDependencies = (
			);
			productName = NowPlayingHelper;
			productReference = ABACF7A29C9E5A6ED0172BC1 /* NowPlayingHelper.dylib */;
			productType = "com.apple.product-type.library.dynamic";
		};
		88FFBC3D1E440D7254D3CFE7 /* Sill */ = {
			isa = PBXNativeTarget;
			buildConfigurationList = DB44111CAAA04A39953087B9 /* Build configuration list for PBXNativeTarget "Sill" */;
			buildPhases = (
				0A2E085C876FF259E794A849 /* Sources */,
				D6B1FAEAED3C0E4CA7492C55 /* Resources */,
				B7E58E719D3BCF45D90F091A /* Embed Now Playing helper */,
			);
			buildRules = (
			);
			dependencies = (
				84A2EEDAE9F6B2E0C911786F /* PBXTargetDependency */,
			);
			name = Sill;
			packageProductDependencies = (
			);
			productName = Sill;
			productReference = F5DFBC29E9962227BA8AEDEB /* Sill.app */;
			productType = "com.apple.product-type.application";
		};
/* End PBXNativeTarget section */

/* Begin PBXProject section */
		44D6F39DE7CD0BA3A722AB06 /* Project object */ = {
			isa = PBXProject;
			attributes = {
				BuildIndependentTargetsInParallel = YES;
				LastUpgradeCheck = 1430;
				TargetAttributes = {
				};
			};
			buildConfigurationList = 3BEEC35AA9BF7BA21351B43E /* Build configuration list for PBXProject "Sill" */;
			developmentRegion = en;
			hasScannedForEncodings = 0;
			knownRegions = (
				Base,
				en,
			);
			mainGroup = 31E350198147A4F1B5ECD667;
			minimizedProjectReferenceProxies = 1;
			preferredProjectObjectVersion = 77;
			productRefGroup = 5CBFECFF4E8678C3AB7C7D1F /* Products */;
			projectDirPath = "";
			projectRoot = "";
			targets = (
				82884FEF9C93FDF7319A3867 /* NowPlayingHelper */,
				88FFBC3D1E440D7254D3CFE7 /* Sill */,
			);
		};
/* End PBXProject section */

/* Begin PBXResourcesBuildPhase section */
		D6B1FAEAED3C0E4CA7492C55 /* Resources */ = {
			isa = PBXResourcesBuildPhase;
			buildActionMask = 2147483647;
			files = (
				3F313A73079A038376DE61B1 /* AppIcon.icns in Resources */,
				862833CE65721132F207D1F6 /* Localizable.xcstrings in Resources */,
				491F8B312AC7BD857046C8E9 /* Themes in Resources */,
			);
			runOnlyForDeploymentPostprocessing = 0;
		};
/* End PBXResourcesBuildPhase section */

/* Begin PBXShellScriptBuildPhase section */
		B7E58E719D3BCF45D90F091A /* Embed Now Playing helper */ = {
			isa = PBXShellScriptBuildPhase;
			buildActionMask = 2147483647;
			files = (
			);
			inputFileListPaths = (
			);
			inputPaths = (
			);
			name = "Embed Now Playing helper";
			outputFileListPaths = (
			);
			outputPaths = (
			);
			runOnlyForDeploymentPostprocessing = 0;
			shellPath = /bin/sh;
			shellScript = "dest=\"$TARGET_BUILD_DIR/$FRAMEWORKS_FOLDER_PATH\"\nmkdir -p \"$dest\"\ncp -f \"$BUILT_PRODUCTS_DIR/nowplaying.dylib\" \"$dest/nowplaying.dylib\"\n# Sign with the same identity as the app itself: mixed signatures break\n# verification. The hash variable, not the name: for ad-hoc signing the\n# name expands to \"Sign to Run Locally\", which codesign rejects\ncodesign --force --sign \"${EXPANDED_CODE_SIGN_IDENTITY:--}\" \"$dest/nowplaying.dylib\"\n";
		};
/* End PBXShellScriptBuildPhase section */

/* Begin PBXSourcesBuildPhase section */
		0A2E085C876FF259E794A849 /* Sources */ = {
			isa = PBXSourcesBuildPhase;
			buildActionMask = 2147483647;
			files = (
				80A508BC1BD603C08F36C990 /* AppConfig.swift in Sources */,
				42491E901065A84FD160547F /* AppSettings.swift in Sources */,
				7A081CAD3973FC6733B13F9C /* AppState.swift in Sources */,
				949D9787425474831ED34479 /* AppearanceStyles.swift in Sources */,
				459E399C8EE9C3AB1B72FF26 /* AskSession.swift in Sources */,
				E26396C6ABD9CE24A5D2298E /* AskView.swift in Sources */,
				F501F7155CB57150668AD5AA /* BatteryActivity.swift in Sources */,
				DC765D65C833E1AFDD7F3DE4 /* BoardGridView.swift in Sources */,
				72C41238E79342E1213AB2D8 /* BoardLayout.swift in Sources */,
				938B5FD5163FBD349277F471 /* CalendarAccess.swift in Sources */,
				65D16F074E172F477B8EDF65 /* CalendarTileView.swift in Sources */,
				BCB0025294564AD89124F1B6 /* CalendarWidget.swift in Sources */,
				DC84BECAA946F124B7E0DC69 /* ClipboardActivity.swift in Sources */,
				273266D7A9CF6B1A1480CB03 /* ClipboardBoardView.swift in Sources */,
				0962615E603DDFD7372C98E5 /* ClipboardCardsView.swift in Sources */,
				EAF81B79072F1BE697D02041 /* ClipboardStore.swift in Sources */,
				4B94DAB65ACCEE89F4F7C9E4 /* ConverterTileView.swift in Sources */,
				E53615A32697CB4B38BDBD9D /* ConverterWidget.swift in Sources */,
				75DACEDDEFBBF606483A590C /* CurrencyTileView.swift in Sources */,
				2BC947F629A8DE67AD0C0E0C /* CurrencyWidget.swift in Sources */,
				444A0C546613D8B0F4E19385 /* DebugSeed.swift in Sources */,
				4F5E70E9EEC7E54D6F42E997 /* FocusRelease.swift in Sources */,
				10A15CA4FE7E54403F801710 /* GlobalHotkey.swift in Sources */,
				45DC1D91E65BD2E82F170C48 /* IslandController.swift in Sources */,
				698270F6A463CE39690E0252 /* IslandView.swift in Sources */,
				C99F0329E36A8B1B86501A55 /* LLMClient.swift in Sources */,
				6DEFD8ACDE610EFE7B946D5F /* LiveActivity.swift in Sources */,
				56DCB74051ACC8BB51B04EF5 /* Log.swift in Sources */,
				D796CF6F08512CFDFF10AB0C /* MediaKeys.swift in Sources */,
				3D8C8C27BCDE19446F747A37 /* MetricTileView.swift in Sources */,
				1731D08725D315622797D5BF /* MetricWidgets.swift in Sources */,
				92CE3A5611060DC80EDFC7AE /* Motion.swift in Sources */,
				21E47098C4498684A3B83505 /* MusicActivity.swift in Sources */,
				2A764DD6D501B4A51DE40AD1 /* MusicTileView.swift in Sources */,
				7AFDD707313DD75A7DF5771F /* MusicWidget.swift in Sources */,
				9E73B290E7279AFC22EF6800 /* NotchTrigger.swift in Sources */,
				F3A0E389F22A14961F3341AB /* NowPlayingBridge.swift in Sources */,
				257EA4EE32C3ED78E884B7C8 /* OpenMeteo.swift in Sources */,
				D5A95FCE6D1B22D97C7D563D /* PanelController.swift in Sources */,
				BFF0319D146785051BA01B7F /* PanelRootView.swift in Sources */,
				EACB4B18105F920F139514B5 /* PomodoroActivity.swift in Sources */,
				9E9F64E4E27F0A43D84C8C4E /* PomodoroTileView.swift in Sources */,
				3349C2B4C20F95E7D1C5ADCD /* PomodoroWidget.swift in Sources */,
				033945BB95DF5555658CACD4 /* RateStore.swift in Sources */,
				D80DF43353FBD3C2F76782E7 /* ScratchpadTileView.swift in Sources */,
				B0D182BF8B62ED776E32E642 /* ScratchpadWidget.swift in Sources */,
				7EEB3D71B3F0C980A087ED00 /* SecretsStore.swift in Sources */,
				7402425BF095A865EABBB6B4 /* SettingsWindow.swift in Sources */,
				ACAC89C26EA1015FD4320574 /* ShelfActivity.swift in Sources */,
				BC0D712F899EE3538AC4A53F /* ShelfDrag.swift in Sources */,
				ADF420BC11035AB120EB904F /* ShelfTileView.swift in Sources */,
				2073FA41E1EE3D8B8402EB6E /* ShelfWidget.swift in Sources */,
				72EC2CA99CEEFA11AA1EFCB9 /* SillApp.swift in Sources */,
				FC28839D38AD63B85841C2A2 /* SystemMetrics.swift in Sources */,
				4C3F88EDF1AC3981AA931118 /* SystemProbe.swift in Sources */,
				82E8D500C17D1598FA904715 /* SystemTileView.swift in Sources */,
				A895AE275FDA8413ADF66CE0 /* SystemWidget.swift in Sources */,
				F60FE2715910684A8D34B9BA /* TaskSource.swift in Sources */,
				D42380B851AA230407689584 /* TasksTileView.swift in Sources */,
				DA64A434989178E60144F424 /* TasksWidget.swift in Sources */,
				235308A728D1BBB491E746A7 /* Theme.swift in Sources */,
				159FCB459D090B2F5C1F891E /* TileControls.swift in Sources */,
				B3E29C1F5D57B31542FD5F4A /* TileDial.swift in Sources */,
				92D0CF1E92752FBB4B15F425 /* TileHost.swift in Sources */,
				28E61BD8B43DE020A983193E /* TileParts.swift in Sources */,
				504718839B8374906FC61779 /* TileTypography.swift in Sources */,
				50276F9ECAD09D2137A4CE50 /* TileView.swift in Sources */,
				ABF527AD9FC357777E0C85A2 /* TimerActivity.swift in Sources */,
				943A3A2034B3F79FA0BADF3B /* TimerTileView.swift in Sources */,
				59546045BC6F6D3E7ECCA078 /* TimerWidget.swift in Sources */,
				E00A7065055E3094E0E3D784 /* TranslateTileView.swift in Sources */,
				87B253691628E8788EF60526 /* TranslateWidget.swift in Sources */,
				0F7E9B6F744C5F80A5BF1CEE /* WeatherActivity.swift in Sources */,
				715861E3240C5C7C4554F5B5 /* WeatherCode.swift in Sources */,
				E9808AFA0001DD5157B9331F /* WeatherTileView.swift in Sources */,
				0F02D5D201C9518C7BC82BEA /* WeatherWidget.swift in Sources */,
				270B06160FD455BFC6BC1A0A /* Widget.swift in Sources */,
				1351E6861CF46A47271E50EE /* WidgetContext.swift in Sources */,
				F3795A39A0D5F40B926B54EE /* WidgetMenu.swift in Sources */,
				BB19204826AD6B12A45C7747 /* WidgetRegistry.swift in Sources */,
				6447B3559D0A75BA5DCEBBBC /* WidgetStorage.swift in Sources */,
			);
			runOnlyForDeploymentPostprocessing = 0;
		};
		12E20A5B00DAC604D21A7DCB /* Sources */ = {
			isa = PBXSourcesBuildPhase;
			buildActionMask = 2147483647;
			files = (
				6D21C21413E666769873D717 /* nowplaying.c in Sources */,
			);
			runOnlyForDeploymentPostprocessing = 0;
		};
/* End PBXSourcesBuildPhase section */

/* Begin PBXTargetDependency section */
		84A2EEDAE9F6B2E0C911786F /* PBXTargetDependency */ = {
			isa = PBXTargetDependency;
			target = 82884FEF9C93FDF7319A3867 /* NowPlayingHelper */;
			targetProxy = A6219BB82D02756EE7E8F47B /* PBXContainerItemProxy */;
		};
/* End PBXTargetDependency section */

/* Begin XCBuildConfiguration section */
		3E530E5002A60EFC31DCDB4C /* Release */ = {
			isa = XCBuildConfiguration;
			buildSettings = {
				ASSETCATALOG_COMPILER_APPICON_NAME = AppIcon;
				COMBINE_HIDPI_IMAGES = YES;
				INFOPLIST_FILE = App/Info.plist;
				LD_RUNPATH_SEARCH_PATHS = (
					"$(inherited)",
					"@executable_path/../Frameworks",
				);
				PRODUCT_BUNDLE_IDENTIFIER = app.sill.Sill;
				SDKROOT = macosx;
			};
			name = Release;
		};
		46CB3CD7E208C369DC311AC2 /* Debug */ = {
			isa = XCBuildConfiguration;
			buildSettings = {
				COMBINE_HIDPI_IMAGES = YES;
				EXECUTABLE_PREFIX = "";
				LD_RUNPATH_SEARCH_PATHS = (
					"$(inherited)",
					"@executable_path/../Frameworks",
				);
				PRODUCT_BUNDLE_IDENTIFIER = app.sill.NowPlayingHelper;
				PRODUCT_NAME = nowplaying;
				SDKROOT = macosx;
				SKIP_INSTALL = YES;
			};
			name = Debug;
		};
		DE2A34267F260E2171366518 /* Debug */ = {
			isa = XCBuildConfiguration;
			buildSettings = {
				ASSETCATALOG_COMPILER_APPICON_NAME = AppIcon;
				COMBINE_HIDPI_IMAGES = YES;
				INFOPLIST_FILE = App/Info.plist;
				LD_RUNPATH_SEARCH_PATHS = (
					"$(inherited)",
					"@executable_path/../Frameworks",
				);
				PRODUCT_BUNDLE_IDENTIFIER = app.sill.Sill;
				SDKROOT = macosx;
			};
			name = Debug;
		};
		E9EB79D4AEC1C2F5238533DD /* Debug */ = {
			isa = XCBuildConfiguration;
			buildSettings = {
				ALWAYS_SEARCH_USER_PATHS = NO;
				CLANG_ANALYZER_NONNULL = YES;
				CLANG_ANALYZER_NUMBER_OBJECT_CONVERSION = YES_AGGRESSIVE;
				CLANG_CXX_LANGUAGE_STANDARD = "gnu++14";
				CLANG_CXX_LIBRARY = "libc++";
				CLANG_ENABLE_MODULES = YES;
				CLANG_ENABLE_OBJC_ARC = YES;
				CLANG_ENABLE_OBJC_WEAK = YES;
				CLANG_WARN_BLOCK_CAPTURE_AUTORELEASING = YES;
				CLANG_WARN_BOOL_CONVERSION = YES;
				CLANG_WARN_COMMA = YES;
				CLANG_WARN_CONSTANT_CONVERSION = YES;
				CLANG_WARN_DEPRECATED_OBJC_IMPLEMENTATIONS = YES;
				CLANG_WARN_DIRECT_OBJC_ISA_USAGE = YES_ERROR;
				CLANG_WARN_DOCUMENTATION_COMMENTS = YES;
				CLANG_WARN_EMPTY_BODY = YES;
				CLANG_WARN_ENUM_CONVERSION = YES;
				CLANG_WARN_INFINITE_RECURSION = YES;
				CLANG_WARN_INT_CONVERSION = YES;
				CLANG_WARN_NON_LITERAL_NULL_CONVERSION = YES;
				CLANG_WARN_OBJC_IMPLICIT_RETAIN_SELF = YES;
				CLANG_WARN_OBJC_LITERAL_CONVERSION = YES;
				CLANG_WARN_OBJC_ROOT_CLASS = YES_ERROR;
				CLANG_WARN_QUOTED_INCLUDE_IN_FRAMEWORK_HEADER = YES;
				CLANG_WARN_RANGE_LOOP_ANALYSIS = YES;
				CLANG_WARN_STRICT_PROTOTYPES = YES;
				CLANG_WARN_SUSPICIOUS_MOVE = YES;
				CLANG_WARN_UNGUARDED_AVAILABILITY = YES_AGGRESSIVE;
				CLANG_WARN_UNREACHABLE_CODE = YES;
				CLANG_WARN__DUPLICATE_METHOD_MATCH = YES;
				CODE_SIGN_IDENTITY = "-";
				COPY_PHASE_STRIP = NO;
				DEBUG_INFORMATION_FORMAT = dwarf;
				ENABLE_HARDENED_RUNTIME = NO;
				ENABLE_STRICT_OBJC_MSGSEND = YES;
				ENABLE_TESTABILITY = YES;
				GCC_C_LANGUAGE_STANDARD = gnu11;
				GCC_DYNAMIC_NO_PIC = NO;
				GCC_NO_COMMON_BLOCKS = YES;
				GCC_OPTIMIZATION_LEVEL = 0;
				GCC_PREPROCESSOR_DEFINITIONS = (
					"$(inherited)",
					"DEBUG=1",
				);
				GCC_WARN_64_TO_32_BIT_CONVERSION = YES;
				GCC_WARN_ABOUT_RETURN_TYPE = YES_ERROR;
				GCC_WARN_UNDECLARED_SELECTOR = YES;
				GCC_WARN_UNINITIALIZED_AUTOS = YES_AGGRESSIVE;
				GCC_WARN_UNUSED_FUNCTION = YES;
				GCC_WARN_UNUSED_VARIABLE = YES;
				MACOSX_DEPLOYMENT_TARGET = 15.0;
				MTL_ENABLE_DEBUG_INFO = INCLUDE_SOURCE;
				MTL_FAST_MATH = YES;
				ONLY_ACTIVE_ARCH = YES;
				PRODUCT_NAME = "$(TARGET_NAME)";
				SDKROOT = macosx;
				SWIFT_ACTIVE_COMPILATION_CONDITIONS = DEBUG;
				SWIFT_OPTIMIZATION_LEVEL = "-Onone";
				SWIFT_STRICT_CONCURRENCY = complete;
				SWIFT_VERSION = 6.0;
			};
			name = Debug;
		};
		F7F5581CE616FC23D1AE775E /* Release */ = {
			isa = XCBuildConfiguration;
			buildSettings = {
				COMBINE_HIDPI_IMAGES = YES;
				EXECUTABLE_PREFIX = "";
				LD_RUNPATH_SEARCH_PATHS = (
					"$(inherited)",
					"@executable_path/../Frameworks",
				);
				PRODUCT_BUNDLE_IDENTIFIER = app.sill.NowPlayingHelper;
				PRODUCT_NAME = nowplaying;
				SDKROOT = macosx;
				SKIP_INSTALL = YES;
			};
			name = Release;
		};
		FF02753ECFF8CBC248893A05 /* Release */ = {
			isa = XCBuildConfiguration;
			buildSettings = {
				ALWAYS_SEARCH_USER_PATHS = NO;
				CLANG_ANALYZER_NONNULL = YES;
				CLANG_ANALYZER_NUMBER_OBJECT_CONVERSION = YES_AGGRESSIVE;
				CLANG_CXX_LANGUAGE_STANDARD = "gnu++14";
				CLANG_CXX_LIBRARY = "libc++";
				CLANG_ENABLE_MODULES = YES;
				CLANG_ENABLE_OBJC_ARC = YES;
				CLANG_ENABLE_OBJC_WEAK = YES;
				CLANG_WARN_BLOCK_CAPTURE_AUTORELEASING = YES;
				CLANG_WARN_BOOL_CONVERSION = YES;
				CLANG_WARN_COMMA = YES;
				CLANG_WARN_CONSTANT_CONVERSION = YES;
				CLANG_WARN_DEPRECATED_OBJC_IMPLEMENTATIONS = YES;
				CLANG_WARN_DIRECT_OBJC_ISA_USAGE = YES_ERROR;
				CLANG_WARN_DOCUMENTATION_COMMENTS = YES;
				CLANG_WARN_EMPTY_BODY = YES;
				CLANG_WARN_ENUM_CONVERSION = YES;
				CLANG_WARN_INFINITE_RECURSION = YES;
				CLANG_WARN_INT_CONVERSION = YES;
				CLANG_WARN_NON_LITERAL_NULL_CONVERSION = YES;
				CLANG_WARN_OBJC_IMPLICIT_RETAIN_SELF = YES;
				CLANG_WARN_OBJC_LITERAL_CONVERSION = YES;
				CLANG_WARN_OBJC_ROOT_CLASS = YES_ERROR;
				CLANG_WARN_QUOTED_INCLUDE_IN_FRAMEWORK_HEADER = YES;
				CLANG_WARN_RANGE_LOOP_ANALYSIS = YES;
				CLANG_WARN_STRICT_PROTOTYPES = YES;
				CLANG_WARN_SUSPICIOUS_MOVE = YES;
				CLANG_WARN_UNGUARDED_AVAILABILITY = YES_AGGRESSIVE;
				CLANG_WARN_UNREACHABLE_CODE = YES;
				CLANG_WARN__DUPLICATE_METHOD_MATCH = YES;
				CODE_SIGN_IDENTITY = "-";
				COPY_PHASE_STRIP = NO;
				DEBUG_INFORMATION_FORMAT = "dwarf-with-dsym";
				ENABLE_HARDENED_RUNTIME = NO;
				ENABLE_NS_ASSERTIONS = NO;
				ENABLE_STRICT_OBJC_MSGSEND = YES;
				GCC_C_LANGUAGE_STANDARD = gnu11;
				GCC_NO_COMMON_BLOCKS = YES;
				GCC_WARN_64_TO_32_BIT_CONVERSION = YES;
				GCC_WARN_ABOUT_RETURN_TYPE = YES_ERROR;
				GCC_WARN_UNDECLARED_SELECTOR = YES;
				GCC_WARN_UNINITIALIZED_AUTOS = YES_AGGRESSIVE;
				GCC_WARN_UNUSED_FUNCTION = YES;
				GCC_WARN_UNUSED_VARIABLE = YES;
				MACOSX_DEPLOYMENT_TARGET = 15.0;
				MTL_ENABLE_DEBUG_INFO = NO;
				MTL_FAST_MATH = YES;
				PRODUCT_NAME = "$(TARGET_NAME)";
				SDKROOT = macosx;
				SWIFT_COMPILATION_MODE = wholemodule;
				SWIFT_OPTIMIZATION_LEVEL = "-O";
				SWIFT_STRICT_CONCURRENCY = complete;
				SWIFT_VERSION = 6.0;
			};
			name = Release;
		};
/* End XCBuildConfiguration section */

/* Begin XCConfigurationList section */
		0C264F76A9DF98DEFAF5692E /* Build configuration list for PBXNativeTarget "NowPlayingHelper" */ = {
			isa = XCConfigurationList;
			buildConfigurations = (
				46CB3CD7E208C369DC311AC2 /* Debug */,
				F7F5581CE616FC23D1AE775E /* Release */,
			);
			defaultConfigurationIsVisible = 0;
			defaultConfigurationName = Debug;
		};
		3BEEC35AA9BF7BA21351B43E /* Build configuration list for PBXProject "Sill" */ = {
			isa = XCConfigurationList;
			buildConfigurations = (
				E9EB79D4AEC1C2F5238533DD /* Debug */,
				FF02753ECFF8CBC248893A05 /* Release */,
			);
			defaultConfigurationIsVisible = 0;
			defaultConfigurationName = Debug;
		};
		DB44111CAAA04A39953087B9 /* Build configuration list for PBXNativeTarget "Sill" */ = {
			isa = XCConfigurationList;
			buildConfigurations = (
				DE2A34267F260E2171366518 /* Debug */,
				3E530E5002A60EFC31DCDB4C /* Release */,
			);
			defaultConfigurationIsVisible = 0;
			defaultConfigurationName = Debug;
		};
/* End XCConfigurationList section */
	};
	rootObject = 44D6F39DE7CD0BA3A722AB06 /* Project object */;
}
